{
  "nodes": {
    "home-manager": {
      "inputs": {
        "nixpkgs": [
          "nixpkgs"
        ]
      },
      "locked": {
        "lastModified": 1742234739,
        "narHash": "sha256-zFL6zsf/5OztR1NSNQF33dvS1fL/BzVUjabZq4qrtY4=",
        "owner": "nix-community",
        "repo": "home-manager",
        "rev": "f6af7280a3390e65c2ad8fd059cdc303426cbd59",
        "type": "github"
      },
      "original": {
        "owner": "nix-community",
        "ref": "release-24.11",
        "repo": "home-manager",
        "type": "github"
      }
    },
    "impermanence": {
      "locked": {
        "lastModified": 1737831083,
        "narHash": "sha256-LJggUHbpyeDvNagTUrdhe/pRVp4pnS6wVKALS782gRI=",
        "owner": "nix-community",
        "repo": "impermanence",
        "rev": "4b3e914cdf97a5b536a889e939fb2fd2b043a170",
        "type": "github"
      },
      "original": {
        "owner": "nix-community",
        "repo": "impermanence",
        "type": "github"
      }
    },
    "nixpkgs": {
      "locked": {
        "lastModified": 1742564635,
        "narHash": "sha256-8oIXMgyvhUj9WkjLCZkj6+SL3jjnToNQpFw/K2310zQ=",
        "owner": "Musholic",
        "repo": "nixpkgs",
        "rev": "ca8ec36c90f78a30e2799b3adf99dce777aa53a9",
        "type": "github"
      },
      "original": {
        "owner": "Musholic",
        "ref": "nixos-24.11",
        "repo": "nixpkgs",
        "type": "github"
      }
    },
    "nixpkgs-patch-1": {
      "flake": false,
      "locked": {
        "lastModified": 1,
        "narHash": "sha256-izSWoNGtupfRsJtu0rYautOyNyHEmT9JQtZRFWEqAME=",
        "path": "/nix/store/jjrqw9hklazsy1qgpkg6mij564v8xwzk-source/patches/grub_skip_bind_mount.patch",
        "type": "path"
      },
      "original": {
        "path": "/nix/store/jjrqw9hklazsy1qgpkg6mij564v8xwzk-source/patches/grub_skip_bind_mount.patch",
        "type": "path"
      }
    },
    "nixpkgs-unstable": {
      "locked": {
        "lastModified": 1742564642,
        "narHash": "sha256-YJPDYywUBPzm3X4Vk6jBWMJYQVoozLqo2wWtE5MAo5I=",
        "owner": "Musholic",
        "repo": "nixpkgs",
        "rev": "a81ed6ae7b7768a43fd5721de6d64dac3d81bf3c",
        "type": "github"
      },
      "original": {
        "owner": "Musholic",
        "ref": "nixos-unstable",
        "repo": "nixpkgs",
        "type": "github"
      }
    },
    "nixpkgs-unstable-patch-1": {
      "flake": false,
      "locked": {
        "lastModified": 1,
        "narHash": "sha256-cm5RuArSYsqH2YDFi9b89mMyHZuz0/uVmrYzzwTzhdQ=",
        "path": "/nix/store/jjrqw9hklazsy1qgpkg6mij564v8xwzk-source/patches/update_distroav.patch",
        "type": "path"
      },
      "original": {
        "path": "/nix/store/jjrqw9hklazsy1qgpkg6mij564v8xwzk-source/patches/update_distroav.patch",
        "type": "path"
      }
    },
    "nixpkgs-unstable-upstream": {
      "locked": {
        "lastModified": 1742422364,
        "narHash": "sha256-mNqIplmEohk5jRkqYqG19GA8MbQ/D4gQSK0Mu4LvfRQ=",
        "owner": "NixOS",
        "repo": "nixpkgs",
        "rev": "a84ebe20c6bc2ecbcfb000a50776219f48d134cc",
        "type": "github"
      },
      "original": {
        "owner": "NixOS",
        "ref": "nixos-unstable",
        "repo": "nixpkgs",
        "type": "github"
      }
    },
    "nixpkgs-upstream": {
      "locked": {
        "lastModified": 1742388435,
        "narHash": "sha256-GheQGRNYAhHsvPxWVOhAmg9lZKkis22UPbEHlmZMthg=",
        "owner": "NixOS",
        "repo": "nixpkgs",
        "rev": "b75693fb46bfaf09e662d09ec076c5a162efa9f6",
        "type": "github"
      },
      "original": {
        "owner": "NixOS",
        "ref": "nixos-24.11",
        "repo": "nixpkgs",
        "type": "github"
      }
    },
    "root": {
      "inputs": {
        "home-manager": "home-manager",
        "impermanence": "impermanence",
        "nixpkgs": "nixpkgs",
        "nixpkgs-patch-1": "nixpkgs-patch-1",
        "nixpkgs-unstable": "nixpkgs-unstable",
        "nixpkgs-unstable-patch-1": "nixpkgs-unstable-patch-1",
        "nixpkgs-unstable-upstream": "nixpkgs-unstable-upstream",
        "nixpkgs-upstream": "nixpkgs-upstream",
        "vundle": "vundle",
        "zgen": "zgen"
      }
    },
    "vundle": {
      "flake": false,
      "locked": {
        "lastModified": 1722318783,
        "narHash": "sha256-DnIqX2WxnOdWRDTsjXlkTPqKuXXFag5ky2UImG7X0FE=",
        "owner": "VundleVim",
        "repo": "Vundle.vim",
        "rev": "5548a1a937d4e72606520c7484cd384e6c76b565",
        "type": "github"
      },
      "original": {
        "owner": "VundleVim",
        "repo": "Vundle.vim",
        "type": "github"
      }
    },
    "zgen": {
      "flake": false,
      "locked": {
        "lastModified": 1540055818,
        "narHash": "sha256-5rq9kTjp+hLAUD/Hk3NudclJLNyyTuvA2Gd1JQJFfgo=",
        "owner": "tarjoilija",
        "repo": "zgen",
        "rev": "0b669d2d0dcf788b4c81a7a30b4fa41dfbf7d1a7",
        "type": "github"
      },
      "original": {
        "owner": "tarjoilija",
        "repo": "zgen",
        "type": "github"
      }
    }
  },
  "root": "root",
  "version": 7
}
