{
  "nodes": {
    "crane": {
      "locked": {
        "lastModified": 1762538466,
        "narHash": "sha256-8zrIPl6J+wLm9MH5ksHcW7BUHo7jSNOu0/hA0ohOOaM=",
        "owner": "ipetkov",
        "repo": "crane",
        "rev": "0cea393fffb39575c46b7a0318386467272182fe",
        "type": "github"
      },
      "original": {
        "owner": "ipetkov",
        "repo": "crane",
        "type": "github"
      }
    },
    "flake-compat": {
      "flake": false,
      "locked": {
        "lastModified": 1696426674,
        "narHash": "sha256-kvjfFW7WAETZlt09AgDn1MrtKzP7t90Vf7vypd3OL1U=",
        "owner": "edolstra",
        "repo": "flake-compat",
        "rev": "0f9255e01c2351cc7d116c072cb317785dd33b33",
        "type": "github"
      },
      "original": {
        "owner": "edolstra",
        "repo": "flake-compat",
        "type": "github"
      }
    },
    "flake-compat_2": {
      "locked": {
        "lastModified": 1761588595,
        "narHash": "sha256-XKUZz9zewJNUj46b4AJdiRZJAvSZ0Dqj2BNfXvFlJC4=",
        "owner": "edolstra",
        "repo": "flake-compat",
        "rev": "f387cd2afec9419c8ee37694406ca490c3f34ee5",
        "type": "github"
      },
      "original": {
        "owner": "edolstra",
        "repo": "flake-compat",
        "type": "github"
      }
    },
    "flake-utils": {
      "inputs": {
        "systems": "systems"
      },
      "locked": {
        "lastModified": 1710146030,
        "narHash": "sha256-SZ5L6eA7HJ/nmkzGG7/ISclqe6oZdOZTNoesiInkXPQ=",
        "owner": "numtide",
        "repo": "flake-utils",
        "rev": "b1d9ab70662946ef0850d488da1c9019f3a9752a",
        "type": "github"
      },
      "original": {
        "owner": "numtide",
        "repo": "flake-utils",
        "type": "github"
      }
    },
    "gitignore": {
      "inputs": {
        "nixpkgs": [
          "optinix",
          "pre-commit-hooks",
          "nixpkgs"
        ]
      },
      "locked": {
        "lastModified": 1709087332,
        "narHash": "sha256-HG2cCnktfHsKV0s4XW83gU3F57gaTljL9KNSuG6bnQs=",
        "owner": "hercules-ci",
        "repo": "gitignore.nix",
        "rev": "637db329424fd7e46cf4185293b9cc8c88c95394",
        "type": "github"
      },
      "original": {
        "owner": "hercules-ci",
        "repo": "gitignore.nix",
        "type": "github"
      }
    },
    "gomod2nix": {
      "inputs": {
        "flake-utils": [
          "optinix",
          "flake-utils"
        ],
        "nixpkgs": [
          "optinix",
          "nixpkgs"
        ]
      },
      "locked": {
        "lastModified": 1717050755,
        "narHash": "sha256-C9IEHABulv2zEDFA+Bf0E1nmfN4y6MIUe5eM2RCrDC0=",
        "owner": "nix-community",
        "repo": "gomod2nix",
        "rev": "31b6d2e40b36456e792cd6cf50d5a8ddd2fa59a1",
        "type": "github"
      },
      "original": {
        "owner": "nix-community",
        "repo": "gomod2nix",
        "type": "github"
      }
    },
    "home-manager": {
      "inputs": {
        "nixpkgs": [
          "nixpkgs"
        ]
      },
      "locked": {
        "lastModified": 1764536451,
        "narHash": "sha256-BgtcUkBfItu9/yU14IgUaj4rYOanTOUZjUfBP20/ZB4=",
        "owner": "nix-community",
        "repo": "home-manager",
        "rev": "3fdd076e08049a9c7a83149b270440d9787d2df5",
        "type": "github"
      },
      "original": {
        "owner": "nix-community",
        "ref": "release-25.11",
        "repo": "home-manager",
        "type": "github"
      }
    },
    "impermanence": {
      "locked": {
        "lastModified": 1737831083,
        "narHash": "sha256-LJggUHbpyeDvNagTUrdhe/pRVp4pnS6wVKALS782gRI=",
        "owner": "nix-community",
        "repo": "impermanence",
        "rev": "4b3e914cdf97a5b536a889e939fb2fd2b043a170",
        "type": "github"
      },
      "original": {
        "owner": "nix-community",
        "repo": "impermanence",
        "type": "github"
      }
    },
    "nixpkgs": {
      "locked": {
        "lastModified": 1764522689,
        "narHash": "sha256-SqUuBFjhl/kpDiVaKLQBoD8TLD+/cTUzzgVFoaHrkqY=",
        "owner": "NixOS",
        "repo": "nixpkgs",
        "rev": "8bb5646e0bed5dbd3ab08c7a7cc15b75ab4e1d0f",
        "type": "github"
      },
      "original": {
        "owner": "NixOS",
        "ref": "nixos-25.11",
        "repo": "nixpkgs",
        "type": "github"
      }
    },
    "nixpkgs-stable": {
      "locked": {
        "lastModified": 1718811006,
        "narHash": "sha256-0Y8IrGhRmBmT7HHXlxxepg2t8j1X90++qRN3lukGaIk=",
        "owner": "NixOS",
        "repo": "nixpkgs",
        "rev": "03d771e513ce90147b65fe922d87d3a0356fc125",
        "type": "github"
      },
      "original": {
        "owner": "NixOS",
        "ref": "nixos-23.11",
        "repo": "nixpkgs",
        "type": "github"
      }
    },
    "nixpkgs-unstable": {
      "locked": {
        "lastModified": 1764517877,
        "narHash": "sha256-pp3uT4hHijIC8JUK5MEqeAWmParJrgBVzHLNfJDZxg4=",
        "owner": "NixOS",
        "repo": "nixpkgs",
        "rev": "2d293cbfa5a793b4c50d17c05ef9e385b90edf6c",
        "type": "github"
      },
      "original": {
        "owner": "NixOS",
        "ref": "nixos-unstable",
        "repo": "nixpkgs",
        "type": "github"
      }
    },
    "nixpkgs_2": {
      "locked": {
        "lastModified": 1719254875,
        "narHash": "sha256-ECni+IkwXjusHsm9Sexdtq8weAq/yUyt1TWIemXt3Ko=",
        "owner": "NixOS",
        "repo": "nixpkgs",
        "rev": "2893f56de08021cffd9b6b6dfc70fd9ccd51eb60",
        "type": "github"
      },
      "original": {
        "owner": "NixOS",
        "ref": "nixos-unstable",
        "repo": "nixpkgs",
        "type": "github"
      }
    },
    "nixpkgs_3": {
      "locked": {
        "lastModified": 1719082008,
        "narHash": "sha256-jHJSUH619zBQ6WdC21fFAlDxHErKVDJ5fpN0Hgx4sjs=",
        "owner": "NixOS",
        "repo": "nixpkgs",
        "rev": "9693852a2070b398ee123a329e68f0dab5526681",
        "type": "github"
      },
      "original": {
        "owner": "NixOS",
        "ref": "nixpkgs-unstable",
        "repo": "nixpkgs",
        "type": "github"
      }
    },
    "nixpkgs_4": {
      "locked": {
        "lastModified": 315532800,
        "narHash": "sha256-5CwQ80ucRHiqVbMEEbTFnjz70/axSJ0aliyzSaFSkmY=",
        "rev": "f6b44b2401525650256b977063dbcf830f762369",
        "type": "tarball",
        "url": "https://releases.nixos.org/nixpkgs/nixpkgs-25.11pre891648.f6b44b240152/nixexprs.tar.xz"
      },
      "original": {
        "type": "tarball",
        "url": "https://channels.nixos.org/nixpkgs-unstable/nixexprs.tar.xz"
      }
    },
    "nushell-plugin-git-aliases": {
      "flake": false,
      "locked": {
        "lastModified": 1759189289,
        "narHash": "sha256-ZEQa7u5jeTScgNS+crRPh3CNMtNwK//Ty05yAYSwrjA=",
        "owner": "KamilKleina",
        "repo": "git-aliases.nu",
        "rev": "0600d1d37fe84981b36e82cc17a046c15a821b64",
        "type": "github"
      },
      "original": {
        "owner": "KamilKleina",
        "repo": "git-aliases.nu",
        "type": "github"
      }
    },
    "optinix": {
      "inputs": {
        "flake-utils": "flake-utils",
        "gomod2nix": "gomod2nix",
        "nixpkgs": "nixpkgs_2",
        "pre-commit-hooks": "pre-commit-hooks"
      },
      "locked": {
        "lastModified": 1745827664,
        "narHash": "sha256-6riBa/qim3NyEPNl7bBeFmdu1BWhZTPaYKwjVnRSewA=",
        "owner": "hmajid2301",
        "repo": "optinix",
        "rev": "d274db25e577762fc0d9b5c131022b5907e26d6c",
        "type": "gitlab"
      },
      "original": {
        "owner": "hmajid2301",
        "repo": "optinix",
        "rev": "d274db25e577762fc0d9b5c131022b5907e26d6c",
        "type": "gitlab"
      }
    },
    "pre-commit-hooks": {
      "inputs": {
        "flake-compat": "flake-compat",
        "gitignore": "gitignore",
        "nixpkgs": "nixpkgs_3",
        "nixpkgs-stable": "nixpkgs-stable"
      },
      "locked": {
        "lastModified": 1719259945,
        "narHash": "sha256-F1h+XIsGKT9TkGO3omxDLEb/9jOOsI6NnzsXFsZhry4=",
        "owner": "cachix",
        "repo": "pre-commit-hooks.nix",
        "rev": "0ff4381bbb8f7a52ca4a851660fc7a437a4c6e07",
        "type": "github"
      },
      "original": {
        "owner": "cachix",
        "repo": "pre-commit-hooks.nix",
        "type": "github"
      }
    },
    "root": {
      "inputs": {
        "home-manager": "home-manager",
        "impermanence": "impermanence",
        "nixpkgs": "nixpkgs",
        "nixpkgs-unstable": "nixpkgs-unstable",
        "nushell-plugin-git-aliases": "nushell-plugin-git-aliases",
        "optinix": "optinix",
        "vundle": "vundle",
        "zed-preview": "zed-preview",
        "zgen": "zgen"
      }
    },
    "rust-overlay": {
      "inputs": {
        "nixpkgs": [
          "zed-preview",
          "nixpkgs"
        ]
      },
      "locked": {
        "lastModified": 1762915112,
        "narHash": "sha256-d9j1g8nKmYDHy+/bIOPQTh9IwjRliqaTM0QLHMV92Ic=",
        "owner": "oxalica",
        "repo": "rust-overlay",
        "rev": "aa1e85921cfa04de7b6914982a94621fbec5cc02",
        "type": "github"
      },
      "original": {
        "owner": "oxalica",
        "repo": "rust-overlay",
        "type": "github"
      }
    },
    "systems": {
      "locked": {
        "lastModified": 1681028828,
        "narHash": "sha256-Vy1rq5AaRuLzOxct8nz4T6wlgyUR7zLU309k9mBC768=",
        "owner": "nix-systems",
        "repo": "default",
        "rev": "da67096a3b9bf56a91d16901293e51ba5b49a27e",
        "type": "github"
      },
      "original": {
        "owner": "nix-systems",
        "repo": "default",
        "type": "github"
      }
    },
    "vundle": {
      "flake": false,
      "locked": {
        "lastModified": 1722318783,
        "narHash": "sha256-DnIqX2WxnOdWRDTsjXlkTPqKuXXFag5ky2UImG7X0FE=",
        "owner": "VundleVim",
        "repo": "Vundle.vim",
        "rev": "5548a1a937d4e72606520c7484cd384e6c76b565",
        "type": "github"
      },
      "original": {
        "owner": "VundleVim",
        "repo": "Vundle.vim",
        "type": "github"
      }
    },
    "zed-preview": {
      "inputs": {
        "crane": "crane",
        "flake-compat": "flake-compat_2",
        "nixpkgs": "nixpkgs_4",
        "rust-overlay": "rust-overlay"
      },
      "locked": {
        "lastModified": 1764405028,
        "narHash": "sha256-MQ17j9DHwsheCGC0sNWsoervm3EIaVN1Jz2bf4OTwGU=",
        "owner": "zed-industries",
        "repo": "zed",
        "rev": "74f281da864725a4e21360852e2d6a62bc4b4941",
        "type": "github"
      },
      "original": {
        "owner": "zed-industries",
        "ref": "v0.215.3-pre",
        "repo": "zed",
        "type": "github"
      }
    },
    "zgen": {
      "flake": false,
      "locked": {
        "lastModified": 1540055818,
        "narHash": "sha256-5rq9kTjp+hLAUD/Hk3NudclJLNyyTuvA2Gd1JQJFfgo=",
        "owner": "tarjoilija",
        "repo": "zgen",
        "rev": "0b669d2d0dcf788b4c81a7a30b4fa41dfbf7d1a7",
        "type": "github"
      },
      "original": {
        "owner": "tarjoilija",
        "repo": "zgen",
        "type": "github"
      }
    }
  },
  "root": "root",
  "version": 7
}
