{
  "nodes": {
    "home-manager": {
      "inputs": {
        "nixpkgs": [
          "nixpkgs"
        ]
      },
      "locked": {
        "lastModified": 1742655702,
        "narHash": "sha256-jbqlw4sPArFtNtA1s3kLg7/A4fzP4GLk9bGbtUJg0JQ=",
        "owner": "nix-community",
        "repo": "home-manager",
        "rev": "0948aeedc296f964140d9429223c7e4a0702a1ff",
        "type": "github"
      },
      "original": {
        "owner": "nix-community",
        "ref": "release-24.11",
        "repo": "home-manager",
        "type": "github"
      }
    },
    "impermanence": {
      "locked": {
        "lastModified": 1737831083,
        "narHash": "sha256-LJggUHbpyeDvNagTUrdhe/pRVp4pnS6wVKALS782gRI=",
        "owner": "nix-community",
        "repo": "impermanence",
        "rev": "4b3e914cdf97a5b536a889e939fb2fd2b043a170",
        "type": "github"
      },
      "original": {
        "owner": "nix-community",
        "repo": "impermanence",
        "type": "github"
      }
    },
    "nixpkgs": {
      "locked": {
        "lastModified": 1742993451,
        "narHash": "sha256-09nJ1BEeW2KQTFNlNg1kFhkRV+ztY5bUxaySMymvMt8=",
        "owner": "Musholic",
        "repo": "nixpkgs",
        "rev": "c91e05d80e5a0c841fc1527d66b97fd2a51e98ff",
        "type": "github"
      },
      "original": {
        "owner": "Musholic",
        "ref": "nixos-24.11",
        "repo": "nixpkgs",
        "type": "github"
      }
    },
    "nixpkgs-patch-1": {
      "flake": false,
      "locked": {
        "narHash": "sha256-fmHRAfr4VXe3hH7X6XsbqEiwgAhZFa++eJKKwELOuRc=",
        "type": "file",
        "url": "https://github.com/Musholic/nixpkgs/commit/a290eed49176a0ed152529ecc33c62b1441949de.patch"
      },
      "original": {
        "type": "file",
        "url": "https://github.com/Musholic/nixpkgs/commit/a290eed49176a0ed152529ecc33c62b1441949de.patch"
      }
    },
    "nixpkgs-unstable": {
      "locked": {
        "lastModified": 1742889210,
        "narHash": "sha256-hw63HnwnqU3ZQfsMclLhMvOezpM7RSB0dMAtD5/sOiw=",
        "owner": "NixOS",
        "repo": "nixpkgs",
        "rev": "698214a32beb4f4c8e3942372c694f40848b360d",
        "type": "github"
      },
      "original": {
        "owner": "NixOS",
        "ref": "nixos-unstable",
        "repo": "nixpkgs",
        "type": "github"
      }
    },
    "nixpkgs-upstream": {
      "locked": {
        "lastModified": 1742751704,
        "narHash": "sha256-rBfc+H1dDBUQ2mgVITMGBPI1PGuCznf9rcWX/XIULyE=",
        "owner": "NixOS",
        "repo": "nixpkgs",
        "rev": "f0946fa5f1fb876a9dc2e1850d9d3a4e3f914092",
        "type": "github"
      },
      "original": {
        "owner": "NixOS",
        "ref": "nixos-24.11",
        "repo": "nixpkgs",
        "type": "github"
      }
    },
    "root": {
      "inputs": {
        "home-manager": "home-manager",
        "impermanence": "impermanence",
        "nixpkgs": "nixpkgs",
        "nixpkgs-patch-1": "nixpkgs-patch-1",
        "nixpkgs-unstable": "nixpkgs-unstable",
        "nixpkgs-upstream": "nixpkgs-upstream",
        "vundle": "vundle",
        "zgen": "zgen"
      }
    },
    "vundle": {
      "flake": false,
      "locked": {
        "lastModified": 1722318783,
        "narHash": "sha256-DnIqX2WxnOdWRDTsjXlkTPqKuXXFag5ky2UImG7X0FE=",
        "owner": "VundleVim",
        "repo": "Vundle.vim",
        "rev": "5548a1a937d4e72606520c7484cd384e6c76b565",
        "type": "github"
      },
      "original": {
        "owner": "VundleVim",
        "repo": "Vundle.vim",
        "type": "github"
      }
    },
    "zgen": {
      "flake": false,
      "locked": {
        "lastModified": 1540055818,
        "narHash": "sha256-5rq9kTjp+hLAUD/Hk3NudclJLNyyTuvA2Gd1JQJFfgo=",
        "owner": "tarjoilija",
        "repo": "zgen",
        "rev": "0b669d2d0dcf788b4c81a7a30b4fa41dfbf7d1a7",
        "type": "github"
      },
      "original": {
        "owner": "tarjoilija",
        "repo": "zgen",
        "type": "github"
      }
    }
  },
  "root": "root",
  "version": 7
}
